
Microsoft Visual Studio Solution File, Format Version 12.00
# Visual Studio Version 17
VisualStudioVersion = 17.5.002.0
MinimumVisualStudioVersion = 10.0.40219.1
Project("{9A19103F-16F7-4668-BE54-9A1E7A4F7556}") = "Inherity", "Inherity.csproj", "{1A4C5614-EC7A-48F0-A876-EFE683FC4368}"
EndProject
Global
	GlobalSection(SolutionConfigurationPlatforms) = preSolution
		Debug|Any CPU = Debug|Any CPU
		Release|Any CPU = Release|Any CPU
	EndGlobalSection
	GlobalSection(ProjectConfigurationPlatforms) = postSolution
		{1A4C5614-EC7A-48F0-A876-EFE683FC4368}.Debug|Any CPU.ActiveCfg = Debug|Any CPU
		{1A4C5614-EC7A-48F0-A876-EFE683FC4368}.Debug|Any CPU.Build.0 = Debug|Any CPU
		{1A4C5614-EC7A-48F0-A876-EFE683FC4368}.Release|Any CPU.ActiveCfg = Release|Any CPU
		{1A4C5614-EC7A-48F0-A876-EFE683FC4368}.Release|Any CPU.Build.0 = Release|Any CPU
	EndGlobalSection
	GlobalSection(SolutionProperties) = preSolution
		HideSolutionNode = FALSE
	EndGlobalSection
	GlobalSection(ExtensibilityGlobals) = postSolution
		SolutionGuid = {1FD3B129-2AD2-40F1-8234-37E0C9F6DBC1}
	EndGlobalSection
EndGlobal
